
Microsoft Visual Studio Solution File, Format Version 12.00
# Visual Studio Version 17
VisualStudioVersion = 17.8.34309.116
MinimumVisualStudioVersion = 10.0.40219.1
Project("{9A19103F-16F7-4668-BE54-9A1E7A4F7556}") = "HobbyEditor", "HobbyEditor\HobbyEditor.csproj", "{A6BC39C5-D798-4039-8B9C-A23E2EADDF24}"
EndProject
Project("{8BC9CEB8-8B4A-11D0-8D11-00A0C91BC942}") = "Engine", "Engine\Engine.vcxproj", "{C04E0240-BDB0-4F2F-9F63-3E4DFBCE1E9D}"
EndProject
Global
	GlobalSection(SolutionConfigurationPlatforms) = preSolution
		Debug|x64 = Debug|x64
		Release|x64 = Release|x64
	EndGlobalSection
	GlobalSection(ProjectConfigurationPlatforms) = postSolution
		{C04E0240-BDB0-4F2F-9F63-3E4DFBCE1E9D}.Debug|x64.ActiveCfg = Debug|x64
		{C04E0240-BDB0-4F2F-9F63-3E4DFBCE1E9D}.Debug|x64.Build.0 = Debug|x64
		{C04E0240-BDB0-4F2F-9F63-3E4DFBCE1E9D}.Release|x64.ActiveCfg = Release|x64
		{C04E0240-BDB0-4F2F-9F63-3E4DFBCE1E9D}.Release|x64.Build.0 = Release|x64
		{A6BC39C5-D798-4039-8B9C-A23E2EADDF24}.Debug|x64.ActiveCfg = Debug|Any CPU
		{A6BC39C5-D798-4039-8B9C-A23E2EADDF24}.Debug|x64.Build.0 = Debug|Any CPU
		{A6BC39C5-D798-4039-8B9C-A23E2EADDF24}.Release|x64.ActiveCfg = Release|Any CPU
		{A6BC39C5-D798-4039-8B9C-A23E2EADDF24}.Release|x64.Build.0 = Release|Any CPU
	EndGlobalSection
	GlobalSection(SolutionProperties) = preSolution
		HideSolutionNode = FALSE
	EndGlobalSection
	GlobalSection(ExtensibilityGlobals) = postSolution
		SolutionGuid = {DE6E739A-45FD-4E56-A35C-FC92A406EAD5}
	EndGlobalSection
EndGlobal
